Microsoft Visual Studio Solution File, Format Version 11.00
# Visual Studio 2008

Project("{39BE3940-C545-9E6C-AE29-63D93D10F2B2}") = "game test", "Assembly-CSharp-firstpass.csproj", "{0B97AF52-ED70-CFB6-DD73-B33A19C17024}"
EndProject
Project("{39BE3940-C545-9E6C-AE29-63D93D10F2B2}") = "game test", "Assembly-CSharp.csproj", "{9B45267B-D0AF-F214-28F8-274819E5E527}"
EndProject
Project("{39BE3940-C545-9E6C-AE29-63D93D10F2B2}") = "game test", "Assembly-UnityScript-firstpass.unityproj", "{25F5ABB1-C6C1-8DB9-AD4D-EC3BD98BA1A6}"
EndProject
Global
	GlobalSection(SolutionConfigurationPlatforms) = preSolution
		Debug|Any CPU = Debug|Any CPU
		Release|Any CPU = Release|Any CPU
	EndGlobalSection
	GlobalSection(ProjectConfigurationPlatforms) = postSolution
		{0B97AF52-ED70-CFB6-DD73-B33A19C17024}.Debug|Any CPU.ActiveCfg = Debug|Any CPU
		{0B97AF52-ED70-CFB6-DD73-B33A19C17024}.Debug|Any CPU.Build.0 = Debug|Any CPU
		{0B97AF52-ED70-CFB6-DD73-B33A19C17024}.Release|Any CPU.ActiveCfg = Release|Any CPU
		{0B97AF52-ED70-CFB6-DD73-B33A19C17024}.Release|Any CPU.Build.0 = Release|Any CPU
		{9B45267B-D0AF-F214-28F8-274819E5E527}.Debug|Any CPU.ActiveCfg = Debug|Any CPU
		{9B45267B-D0AF-F214-28F8-274819E5E527}.Debug|Any CPU.Build.0 = Debug|Any CPU
		{9B45267B-D0AF-F214-28F8-274819E5E527}.Release|Any CPU.ActiveCfg = Release|Any CPU
		{9B45267B-D0AF-F214-28F8-274819E5E527}.Release|Any CPU.Build.0 = Release|Any CPU
		{25F5ABB1-C6C1-8DB9-AD4D-EC3BD98BA1A6}.Debug|Any CPU.ActiveCfg = Debug|Any CPU
		{25F5ABB1-C6C1-8DB9-AD4D-EC3BD98BA1A6}.Debug|Any CPU.Build.0 = Debug|Any CPU
		{25F5ABB1-C6C1-8DB9-AD4D-EC3BD98BA1A6}.Release|Any CPU.ActiveCfg = Release|Any CPU
		{25F5ABB1-C6C1-8DB9-AD4D-EC3BD98BA1A6}.Release|Any CPU.Build.0 = Release|Any CPU
	EndGlobalSection
	GlobalSection(SolutionProperties) = preSolution
		HideSolutionNode = FALSE
	EndGlobalSection
																																					GlobalSection(MonoDevelopProperties) = preSolution
		StartupItem = Assembly-CSharp.csproj
		Policies = $0
		$0.TextStylePolicy = $1
		$1.inheritsSet = null
		$1.scope = text/x-csharp
		$0.CSharpFormattingPolicy = $2
		$2.inheritsSet = Mono
		$2.inheritsScope = text/x-csharp
		$2.scope = text/x-csharp
		$0.TextStylePolicy = $3
		$3.FileWidth = 120
		$3.TabWidth = 4
		$3.EolMarker = Unix
		$3.inheritsSet = Mono
		$3.inheritsScope = text/plain
		$3.scope = text/plain
	EndGlobalSection

EndGlobal
